
Microsoft Visual Studio Solution File, Format Version 12.00
# Visual Studio Version 16
VisualStudioVersion = 16.0.30523.141
MinimumVisualStudioVersion = 10.0.40219.1
Project("{FAE04EC0-301F-11D3-BF4B-00C04F79EFBC}") = "BeatSaberPresence", "BeatSaberPresence\BeatSaberPresence.csproj", "{F30FEA77-CDE7-4F84-A403-FF05E6CBA35C}"
EndProject
Global
	GlobalSection(SolutionConfigurationPlatforms) = preSolution
		Debug|Any CPU = Debug|Any CPU
		Release|Any CPU = Release|Any CPU
	EndGlobalSection
	GlobalSection(ProjectConfigurationPlatforms) = postSolution
		{F30FEA77-CDE7-4F84-A403-FF05E6CBA35C}.Debug|Any CPU.ActiveCfg = Debug|Any CPU
		{F30FEA77-CDE7-4F84-A403-FF05E6CBA35C}.Debug|Any CPU.Build.0 = Debug|Any CPU
		{F30FEA77-CDE7-4F84-A403-FF05E6CBA35C}.Release|Any CPU.ActiveCfg = Release|Any CPU
		{F30FEA77-CDE7-4F84-A403-FF05E6CBA35C}.Release|Any CPU.Build.0 = Release|Any CPU
	EndGlobalSection
	GlobalSection(SolutionProperties) = preSolution
		HideSolutionNode = FALSE
	EndGlobalSection
	GlobalSection(ExtensibilityGlobals) = postSolution
		SolutionGuid = {DD2FE4D6-F35F-4C9B-84A1-75859CA5E986}
	EndGlobalSection
EndGlobal
